{
  "name": "now-ui-dashboard",
  "version": "1.0.1",
  "lockfileVersion": 1,
  "requires": true,
  "dependencies": {
    "sweetalert2": {
      "version": "9.10.2",
      "resolved": "https://registry.npmjs.org/sweetalert2/-/sweetalert2-9.10.2.tgz",
      "integrity": "sha512-muth00S/u8739EY3JqaqAAw3mZd8DNldQWBpIq5GTo9V+2C7qMBEh3oZOr9DmO39va5D2zx4T3xq4VU5VAnLmg=="
    }
  }
}
